// !$*UTF8*$!
{
	archiveVersion = 1;
	classes = {
	};
	objectVersion = 46;
	objects = {

/* Begin PBXBuildFile section */
		2219439DE068EE2E809C6EF5 /* libPods-CaneController.a in Frameworks */ = {isa = PBXBuildFile; fileRef = E3676A5D37DF38C4BC77F662 /* libPods-CaneController.a */; };
		EC5F639C1CC0C1350018ED35 /* main.m in Sources */ = {isa = PBXBuildFile; fileRef = EC5F639B1CC0C1350018ED35 /* main.m */; };
		EC5F639F1CC0C1350018ED35 /* AppDelegate.m in Sources */ = {isa = PBXBuildFile; fileRef = EC5F639E1CC0C1350018ED35 /* AppDelegate.m */; };
		EC5F63A21CC0C1350018ED35 /* ViewController.m in Sources */ = {isa = PBXBuildFile; fileRef = EC5F63A11CC0C1350018ED35 /* ViewController.m */; };
		EC5F63A51CC0C1350018ED35 /* Main.storyboard in Resources */ = {isa = PBXBuildFile; fileRef = EC5F63A31CC0C1350018ED35 /* Main.storyboard */; };
		EC5F63A71CC0C1350018ED35 /* Assets.xcassets in Resources */ = {isa = PBXBuildFile; fileRef = EC5F63A61CC0C1350018ED35 /* Assets.xcassets */; };
		EC5F63AA1CC0C1350018ED35 /* LaunchScreen.storyboard in Resources */ = {isa = PBXBuildFile; fileRef = EC5F63A81CC0C1350018ED35 /* LaunchScreen.storyboard */; };
/* End PBXBuildFile section */

/* Begin PBXFileReference section */
		B25C5C7466EF6137C5C8A24E /* Pods-CaneController.release.xcconfig */ = {isa = PBXFileReference; includeInIndex = 1; lastKnownFileType = text.xcconfig; name = "Pods-CaneController.release.xcconfig"; path = "Pods/Target Support Files/Pods-CaneController/Pods-CaneController.release.xcconfig"; sourceTree = "<group>"; };
		D3E55240971B3F8CE16CF461 /* Pods-CaneController.debug.xcconfig */ = {isa = PBXFileReference; includeInIndex = 1; lastKnownFileType = text.xcconfig; name = "Pods-CaneController.debug.xcconfig"; path = "Pods/Target Support Files/Pods-CaneController/Pods-CaneController.debug.xcconfig"; sourceTree = "<group>"; };
		E3676A5D37DF38C4BC77F662 /* libPods-CaneController.a */ = {isa = PBXFileReference; explicitFileType = archive.ar; includeInIndex = 0; path = "libPods-CaneController.a"; sourceTree = BUILT_PRODUCTS_DIR; };
		EC5F63971CC0C1350018ED35 /* CaneController.app */ = {isa = PBXFileReference; explicitFileType = wrapper.application; includeInIndex = 0; path = CaneController.app; sourceTree = BUILT_PRODUCTS_DIR; };
		EC5F639B1CC0C1350018ED35 /* main.m */ = {isa = PBXFileReference; lastKnownFileType = sourcecode.c.objc; path = main.m; sourceTree = "<group>"; };
		EC5F639D1CC0C1350018ED35 /* AppDelegate.h */ = {isa = PBXFileReference; lastKnownFileType = sourcecode.c.h; path = AppDelegate.h; sourceTree = "<group>"; };
		EC5F639E1CC0C1350018ED35 /* AppDelegate.m */ = {isa = PBXFileReference; lastKnownFileType = sourcecode.c.objc; path = AppDelegate.m; sourceTree = "<group>"; };
		EC5F63A01CC0C1350018ED35 /* ViewController.h */ = {isa = PBXFileReference; lastKnownFileType = sourcecode.c.h; path = ViewController.h; sourceTree = "<group>"; };
		EC5F63A11CC0C1350018ED35 /* ViewController.m */ = {isa = PBXFileReference; lastKnownFileType = sourcecode.c.objc; path = ViewController.m; sourceTree = "<group>"; };
		EC5F63A41CC0C1350018ED35 /* Base */ = {isa = PBXFileReference; lastKnownFileType = file.storyboard; name = Base; path = Base.lproj/Main.storyboard; sourceTree = "<group>"; };
		EC5F63A61CC0C1350018ED35 /* Assets.xcassets */ = {isa = PBXFileReference; lastKnownFileType = folder.assetcatalog; path = Assets.xcassets; sourceTree = "<group>"; };
		EC5F63A91CC0C1350018ED35 /* Base */ = {isa = PBXFileReference; lastKnownFileType = file.storyboard; name = Base; path = Base.lproj/LaunchScreen.storyboard; sourceTree = "<group>"; };
		EC5F63AB1CC0C1350018ED35 /* Info.plist */ = {isa = PBXFileReference; lastKnownFileType = text.plist.xml; path = Info.plist; sourceTree = "<group>"; };
		ECFCCBBB1CC463470071C460 /* PrefixHeader.pch */ = {isa = PBXFileReference; lastKnownFileType = sourcecode.c.h; path = PrefixHeader.pch; sourceTree = "<group>"; };
/* End PBXFileReference section */

/* Begin PBXFrameworksBuildPhase section */
		EC5F63941CC0C1350018ED35 /* Frameworks */ = {
			isa = PBXFrameworksBuildPhase;
			buildActionMask = 2147483647;
			files = (
				2219439DE068EE2E809C6EF5 /* libPods-CaneController.a in Frameworks */,
			);
			runOnlyForDeploymentPostprocessing = 0;
		};
/* End PBXFrameworksBuildPhase section */

/* Begin PBXGroup section */
		692786CF73FBA835AB3AB4EB /* Pods */ = {
			isa = PBXGroup;
			children = (
				D3E55240971B3F8CE16CF461 /* Pods-CaneController.debug.xcconfig */,
				B25C5C7466EF6137C5C8A24E /* Pods-CaneController.release.xcconfig */,
			);
			name = Pods;
			sourceTree = "<group>";
		};
		EC5F638E1CC0C1350018ED35 = {
			isa = PBXGroup;
			children = (
				EC5F63991CC0C1350018ED35 /* CaneController */,
				EC5F63981CC0C1350018ED35 /* Products */,
				692786CF73FBA835AB3AB4EB /* Pods */,
				EEDF8D7A941FAACBB4BD5BD9 /* Frameworks */,
			);
			sourceTree = "<group>";
		};
		EC5F63981CC0C1350018ED35 /* Products */ = {
			isa = PBXGroup;
			children = (
				EC5F63971CC0C1350018ED35 /* CaneController.app */,
			);
			name = Products;
			sourceTree = "<group>";
		};
		EC5F63991CC0C1350018ED35 /* CaneController */ = {
			isa = PBXGroup;
			children = (
				EC5F639D1CC0C1350018ED35 /* AppDelegate.h */,
				EC5F639E1CC0C1350018ED35 /* AppDelegate.m */,
				EC5F63A01CC0C1350018ED35 /* ViewController.h */,
				EC5F63A11CC0C1350018ED35 /* ViewController.m */,
				EC5F63A31CC0C1350018ED35 /* Main.storyboard */,
				EC5F63A61CC0C1350018ED35 /* Assets.xcassets */,
				EC5F63A81CC0C1350018ED35 /* LaunchScreen.storyboard */,
				EC5F63AB1CC0C1350018ED35 /* Info.plist */,
				EC5F639A1CC0C1350018ED35 /* Supporting Files */,
				ECFCCBBB1CC463470071C460 /* PrefixHeader.pch */,
			);
			path = CaneController;
			sourceTree = "<group>";
		};
		EC5F639A1CC0C1350018ED35 /* Supporting Files */ = {
			isa = PBXGroup;
			children = (
				EC5F639B1CC0C1350018ED35 /* main.m */,
			);
			name = "Supporting Files";
			sourceTree = "<group>";
		};
		EEDF8D7A941FAACBB4BD5BD9 /* Frameworks */ = {
			isa = PBXGroup;
			children = (
				E3676A5D37DF38C4BC77F662 /* libPods-CaneController.a */,
			);
			name = Frameworks;
			sourceTree = "<group>";
		};
/* End PBXGroup section */

/* Begin PBXNativeTarget section */
		EC5F63961CC0C1350018ED35 /* CaneController */ = {
			isa = PBXNativeTarget;
			buildConfigurationList = EC5F63AE1CC0C1350018ED35 /* Build configuration list for PBXNativeTarget "CaneController" */;
			buildPhases = (
				832017CCB5186725C4CF9CA5 /* Check Pods Manifest.lock */,
				EC5F63931CC0C1350018ED35 /* Sources */,
				EC5F63941CC0C1350018ED35 /* Frameworks */,
				EC5F63951CC0C1350018ED35 /* Resources */,
				D6145E1988D28782FC33E24F /* Embed Pods Frameworks */,
				193FF1F5059EBDAC1639C9A5 /* Copy Pods Resources */,
			);
			buildRules = (
			);
			dependencies = (
			);
			name = CaneController;
			productName = CaneController;
			productReference = EC5F63971CC0C1350018ED35 /* CaneController.app */;
			productType = "com.apple.product-type.application";
		};
/* End PBXNativeTarget section */

/* Begin PBXProject section */
		EC5F638F1CC0C1350018ED35 /* Project object */ = {
			isa = PBXProject;
			attributes = {
				LastUpgradeCheck = 0730;
				ORGANIZATIONNAME = "Gustavo Ambrozio";
				TargetAttributes = {
					EC5F63961CC0C1350018ED35 = {
						CreatedOnToolsVersion = 7.3;
						DevelopmentTeam = XG2WG7U93U;
						SystemCapabilities = {
							com.apple.BackgroundModes = {
								enabled = 1;
							};
							com.apple.Push = {
								enabled = 1;
							};
						};
					};
				};
			};
			buildConfigurationList = EC5F63921CC0C1350018ED35 /* Build configuration list for PBXProject "CaneController" */;
			compatibilityVersion = "Xcode 3.2";
			developmentRegion = English;
			hasScannedForEncodings = 0;
			knownRegions = (
				en,
				Base,
			);
			mainGroup = EC5F638E1CC0C1350018ED35;
			productRefGroup = EC5F63981CC0C1350018ED35 /* Products */;
			projectDirPath = "";
			projectRoot = "";
			targets = (
				EC5F63961CC0C1350018ED35 /* CaneController */,
			);
		};
/* End PBXProject section */

/* Begin PBXResourcesBuildPhase section */
		EC5F63951CC0C1350018ED35 /* Resources */ = {
			isa = PBXResourcesBuildPhase;
			buildActionMask = 2147483647;
			files = (
				EC5F63AA1CC0C1350018ED35 /* LaunchScreen.storyboard in Resources */,
				EC5F63A71CC0C1350018ED35 /* Assets.xcassets in Resources */,
				EC5F63A51CC0C1350018ED35 /* Main.storyboard in Resources */,
			);
			runOnlyForDeploymentPostprocessing = 0;
		};
/* End PBXResourcesBuildPhase section */

/* Begin PBXShellScriptBuildPhase section */
		193FF1F5059EBDAC1639C9A5 /* Copy Pods Resources */ = {
			isa = PBXShellScriptBuildPhase;
			buildActionMask = 2147483647;
			files = (
			);
			inputPaths = (
			);
			name = "Copy Pods Resources";
			outputPaths = (
			);
			runOnlyForDeploymentPostprocessing = 0;
			shellPath = /bin/sh;
			shellScript = "\"${SRCROOT}/Pods/Target Support Files/Pods-CaneController/Pods-CaneController-resources.sh\"\n";
			showEnvVarsInLog = 0;
		};
		832017CCB5186725C4CF9CA5 /* Check Pods Manifest.lock */ = {
			isa = PBXShellScriptBuildPhase;
			buildActionMask = 2147483647;
			files = (
			);
			inputPaths = (
			);
			name = "Check Pods Manifest.lock";
			outputPaths = (
			);
			runOnlyForDeploymentPostprocessing = 0;
			shellPath = /bin/sh;
			shellScript = "diff \"${PODS_ROOT}/../Podfile.lock\" \"${PODS_ROOT}/Manifest.lock\" > /dev/null\nif [[ $? != 0 ]] ; then\n    cat << EOM\nerror: The sandbox is not in sync with the Podfile.lock. Run 'pod install' or update your CocoaPods installation.\nEOM\n    exit 1\nfi\n";
			showEnvVarsInLog = 0;
		};
		D6145E1988D28782FC33E24F /* Embed Pods Frameworks */ = {
			isa = PBXShellScriptBuildPhase;
			buildActionMask = 2147483647;
			files = (
			);
			inputPaths = (
			);
			name = "Embed Pods Frameworks";
			outputPaths = (
			);
			runOnlyForDeploymentPostprocessing = 0;
			shellPath = /bin/sh;
			shellScript = "\"${SRCROOT}/Pods/Target Support Files/Pods-CaneController/Pods-CaneController-frameworks.sh\"\n";
			showEnvVarsInLog = 0;
		};
/* End PBXShellScriptBuildPhase section */

/* Begin PBXSourcesBuildPhase section */
		EC5F63931CC0C1350018ED35 /* Sources */ = {
			isa = PBXSourcesBuildPhase;
			buildActionMask = 2147483647;
			files = (
				EC5F63A21CC0C1350018ED35 /* ViewController.m in Sources */,
				EC5F639F1CC0C1350018ED35 /* AppDelegate.m in Sources */,
				EC5F639C1CC0C1350018ED35 /* main.m in Sources */,
			);
			runOnlyForDeploymentPostprocessing = 0;
		};
/* End PBXSourcesBuildPhase section */

/* Begin PBXVariantGroup section */
		EC5F63A31CC0C1350018ED35 /* Main.storyboard */ = {
			isa = PBXVariantGroup;
			children = (
				EC5F63A41CC0C1350018ED35 /* Base */,
			);
			name = Main.storyboard;
			sourceTree = "<group>";
		};
		EC5F63A81CC0C1350018ED35 /* LaunchScreen.storyboard */ = {
			isa = PBXVariantGroup;
			children = (
				EC5F63A91CC0C1350018ED35 /* Base */,
			);
			name = LaunchScreen.storyboard;
			sourceTree = "<group>";
		};
/* End PBXVariantGroup section */

/* Begin XCBuildConfiguration section */
		EC5F63AC1CC0C1350018ED35 /* Debug */ = {
			isa = XCBuildConfiguration;
			buildSettings = {
				ALWAYS_SEARCH_USER_PATHS = NO;
				CLANG_ANALYZER_NONNULL = YES;
				CLANG_CXX_LANGUAGE_STANDARD = "gnu++0x";
				CLANG_CXX_LIBRARY = "libc++";
				CLANG_ENABLE_MODULES = YES;
				CLANG_ENABLE_OBJC_ARC = YES;
				CLANG_WARN_BOOL_CONVERSION = YES;
				CLANG_WARN_CONSTANT_CONVERSION = YES;
				CLANG_WARN_DIRECT_OBJC_ISA_USAGE = YES_ERROR;
				CLANG_WARN_EMPTY_BODY = YES;
				CLANG_WARN_ENUM_CONVERSION = YES;
				CLANG_WARN_INT_CONVERSION = YES;
				CLANG_WARN_OBJC_ROOT_CLASS = YES_ERROR;
				CLANG_WARN_UNREACHABLE_CODE = YES;
				CLANG_WARN__DUPLICATE_METHOD_MATCH = YES;
				"CODE_SIGN_IDENTITY[sdk=iphoneos*]" = "iPhone Developer";
				COPY_PHASE_STRIP = NO;
				DEBUG_INFORMATION_FORMAT = dwarf;
				ENABLE_STRICT_OBJC_MSGSEND = YES;
				ENABLE_TESTABILITY = YES;
				GCC_C_LANGUAGE_STANDARD = gnu99;
				GCC_DYNAMIC_NO_PIC = NO;
				GCC_NO_COMMON_BLOCKS = YES;
				GCC_OPTIMIZATION_LEVEL = 0;
				GCC_PREPROCESSOR_DEFINITIONS = (
					"DEBUG=1",
					"$(inherited)",
				);
				GCC_WARN_64_TO_32_BIT_CONVERSION = YES;
				GCC_WARN_ABOUT_RETURN_TYPE = YES_ERROR;
				GCC_WARN_UNDECLARED_SELECTOR = YES;
				GCC_WARN_UNINITIALIZED_AUTOS = YES_AGGRESSIVE;
				GCC_WARN_UNUSED_FUNCTION = YES;
				GCC_WARN_UNUSED_VARIABLE = YES;
				IPHONEOS_DEPLOYMENT_TARGET = 9.3;
				MTL_ENABLE_DEBUG_INFO = YES;
				ONLY_ACTIVE_ARCH = YES;
				SDKROOT = iphoneos;
			};
			name = Debug;
		};
		EC5F63AD1CC0C1350018ED35 /* Release */ = {
			isa = XCBuildConfiguration;
			buildSettings = {
				ALWAYS_SEARCH_USER_PATHS = NO;
				CLANG_ANALYZER_NONNULL = YES;
				CLANG_CXX_LANGUAGE_STANDARD = "gnu++0x";
				CLANG_CXX_LIBRARY = "libc++";
				CLANG_ENABLE_MODULES = YES;
				CLANG_ENABLE_OBJC_ARC = YES;
				CLANG_WARN_BOOL_CONVERSION = YES;
				CLANG_WARN_CONSTANT_CONVERSION = YES;
				CLANG_WARN_DIRECT_OBJC_ISA_USAGE = YES_ERROR;
				CLANG_WARN_EMPTY_BODY = YES;
				CLANG_WARN_ENUM_CONVERSION = YES;
				CLANG_WARN_INT_CONVERSION = YES;
				CLANG_WARN_OBJC_ROOT_CLASS = YES_ERROR;
				CLANG_WARN_UNREACHABLE_CODE = YES;
				CLANG_WARN__DUPLICATE_METHOD_MATCH = YES;
				"CODE_SIGN_IDENTITY[sdk=iphoneos*]" = "iPhone Developer";
				COPY_PHASE_STRIP = NO;
				DEBUG_INFORMATION_FORMAT = "dwarf-with-dsym";
				ENABLE_NS_ASSERTIONS = NO;
				ENABLE_STRICT_OBJC_MSGSEND = YES;
				GCC_C_LANGUAGE_STANDARD = gnu99;
				GCC_NO_COMMON_BLOCKS = YES;
				GCC_WARN_64_TO_32_BIT_CONVERSION = YES;
				GCC_WARN_ABOUT_RETURN_TYPE = YES_ERROR;
				GCC_WARN_UNDECLARED_SELECTOR = YES;
				GCC_WARN_UNINITIALIZED_AUTOS = YES_AGGRESSIVE;
				GCC_WARN_UNUSED_FUNCTION = YES;
				GCC_WARN_UNUSED_VARIABLE = YES;
				IPHONEOS_DEPLOYMENT_TARGET = 9.3;
				MTL_ENABLE_DEBUG_INFO = NO;
				SDKROOT = iphoneos;
				VALIDATE_PRODUCT = YES;
			};
			name = Release;
		};
		EC5F63AF1CC0C1350018ED35 /* Debug */ = {
			isa = XCBuildConfiguration;
			baseConfigurationReference = D3E55240971B3F8CE16CF461 /* Pods-CaneController.debug.xcconfig */;
			buildSettings = {
				ASSETCATALOG_COMPILER_APPICON_NAME = AppIcon;
				GCC_PREFIX_HEADER = CaneController/PrefixHeader.pch;
				INFOPLIST_FILE = CaneController/Info.plist;
				LD_RUNPATH_SEARCH_PATHS = "$(inherited) @executable_path/Frameworks";
				PRODUCT_BUNDLE_IDENTIFIER = br.eng.gustavo.CaneController;
				PRODUCT_NAME = "$(TARGET_NAME)";
			};
			name = Debug;
		};
		EC5F63B01CC0C1350018ED35 /* Release */ = {
			isa = XCBuildConfiguration;
			baseConfigurationReference = B25C5C7466EF6137C5C8A24E /* Pods-CaneController.release.xcconfig */;
			buildSettings = {
				ASSETCATALOG_COMPILER_APPICON_NAME = AppIcon;
				GCC_PREFIX_HEADER = CaneController/PrefixHeader.pch;
				INFOPLIST_FILE = CaneController/Info.plist;
				LD_RUNPATH_SEARCH_PATHS = "$(inherited) @executable_path/Frameworks";
				PRODUCT_BUNDLE_IDENTIFIER = br.eng.gustavo.CaneController;
				PRODUCT_NAME = "$(TARGET_NAME)";
			};
			name = Release;
		};
/* End XCBuildConfiguration section */

/* Begin XCConfigurationList section */
		EC5F63921CC0C1350018ED35 /* Build configuration list for PBXProject "CaneController" */ = {
			isa = XCConfigurationList;
			buildConfigurations = (
				EC5F63AC1CC0C1350018ED35 /* Debug */,
				EC5F63AD1CC0C1350018ED35 /* Release */,
			);
			defaultConfigurationIsVisible = 0;
			defaultConfigurationName = Release;
		};
		EC5F63AE1CC0C1350018ED35 /* Build configuration list for PBXNativeTarget "CaneController" */ = {
			isa = XCConfigurationList;
			buildConfigurations = (
				EC5F63AF1CC0C1350018ED35 /* Debug */,
				EC5F63B01CC0C1350018ED35 /* Release */,
			);
			defaultConfigurationIsVisible = 0;
			defaultConfigurationName = Release;
		};
/* End XCConfigurationList section */
	};
	rootObject = EC5F638F1CC0C1350018ED35 /* Project object */;
}
